// !$*UTF8*$!
{
	archiveVersion = 1;
	classes = {
	};
	objectVersion = 45;
	objects = {

/* Begin PBXBuildFile section */
<<<<<<< .mine
		0B52FA12116715CD00C67863 /* smallcheck.png in Resources */ = {isa = PBXBuildFile; fileRef = 0B52FA10116715CD00C67863 /* smallcheck.png */; };
		0B52FA13116715CD00C67863 /* smallx.png in Resources */ = {isa = PBXBuildFile; fileRef = 0B52FA11116715CD00C67863 /* smallx.png */; };
		0B52FA62116719BD00C67863 /* TrickStatus.plist in Resources */ = {isa = PBXBuildFile; fileRef = 0B52FA61116719BD00C67863 /* TrickStatus.plist */; };
		0B52FADA11671F6A00C67863 /* bigcheck.png in Resources */ = {isa = PBXBuildFile; fileRef = 0B52FAD911671F6A00C67863 /* bigcheck.png */; };
		0B903EDE1167075600EA2843 /* listicon.png in Resources */ = {isa = PBXBuildFile; fileRef = 0B903EDD1167075600EA2843 /* listicon.png */; };
		0BB67A691165BC5200A0C7CD /* SecondViewController.m in Sources */ = {isa = PBXBuildFile; fileRef = 0BB67A681165BC5200A0C7CD /* SecondViewController.m */; };
		0BB67C9F1166972100A0C7CD /* TrickViewController.m in Sources */ = {isa = PBXBuildFile; fileRef = 0BB67C9D1166972100A0C7CD /* TrickViewController.m */; };
		0BB67CA01166972100A0C7CD /* TrickView.xib in Resources */ = {isa = PBXBuildFile; fileRef = 0BB67C9E1166972100A0C7CD /* TrickView.xib */; };
=======
		0BB67A691165BC5200A0C7CD /* SecondViewController.m in Sources */ = {isa = PBXBuildFile; fileRef = 0BB67A681165BC5200A0C7CD /* SecondViewController.m */; };
		0BB67C9F1166972100A0C7CD /* TrickViewController.m in Sources */ = {isa = PBXBuildFile; fileRef = 0BB67C9D1166972100A0C7CD /* TrickViewController.m */; };
		0BB67CA01166972100A0C7CD /* TrickView.xib in Resources */ = {isa = PBXBuildFile; fileRef = 0BB67C9E1166972100A0C7CD /* TrickView.xib */; };
>>>>>>> .r4
		1D3623260D0F684500981E51 /* skaterAppDelegate.m in Sources */ = {isa = PBXBuildFile; fileRef = 1D3623250D0F684500981E51 /* skaterAppDelegate.m */; };
		1D60589B0D05DD56006BFB54 /* main.m in Sources */ = {isa = PBXBuildFile; fileRef = 29B97316FDCFA39411CA2CEA /* main.m */; };
		1D60589F0D05DD5A006BFB54 /* Foundation.framework in Frameworks */ = {isa = PBXBuildFile; fileRef = 1D30AB110D05D00D00671497 /* Foundation.framework */; };
		1DF5F4E00D08C38300B7A737 /* UIKit.framework in Frameworks */ = {isa = PBXBuildFile; fileRef = 1DF5F4DF0D08C38300B7A737 /* UIKit.framework */; };
		28216C970DB411BC00E5133A /* FirstViewController.m in Sources */ = {isa = PBXBuildFile; fileRef = 28216C960DB411BC00E5133A /* FirstViewController.m */; };
		282CCBFE0DB6C98000C4EA27 /* SecondView.xib in Resources */ = {isa = PBXBuildFile; fileRef = 282CCBFD0DB6C98000C4EA27 /* SecondView.xib */; };
		288765080DF74369002DB57D /* CoreGraphics.framework in Frameworks */ = {isa = PBXBuildFile; fileRef = 288765070DF74369002DB57D /* CoreGraphics.framework */; };
		28AD73880D9D96C1002E5188 /* MainWindow.xib in Resources */ = {isa = PBXBuildFile; fileRef = 28AD73870D9D96C1002E5188 /* MainWindow.xib */; };
/* End PBXBuildFile section */

/* Begin PBXFileReference section */
<<<<<<< .mine
		0B52FA10116715CD00C67863 /* smallcheck.png */ = {isa = PBXFileReference; lastKnownFileType = image.png; path = smallcheck.png; sourceTree = "<group>"; };
		0B52FA11116715CD00C67863 /* smallx.png */ = {isa = PBXFileReference; lastKnownFileType = image.png; path = smallx.png; sourceTree = "<group>"; };
		0B52FA61116719BD00C67863 /* TrickStatus.plist */ = {isa = PBXFileReference; fileEncoding = 4; lastKnownFileType = text.plist.xml; path = TrickStatus.plist; sourceTree = "<group>"; };
		0B52FAD911671F6A00C67863 /* bigcheck.png */ = {isa = PBXFileReference; lastKnownFileType = image.png; path = bigcheck.png; sourceTree = "<group>"; };
		0B903EDD1167075600EA2843 /* listicon.png */ = {isa = PBXFileReference; lastKnownFileType = image.png; path = listicon.png; sourceTree = "<group>"; };
		0BB67A671165BC5200A0C7CD /* SecondViewController.h */ = {isa = PBXFileReference; fileEncoding = 4; lastKnownFileType = sourcecode.c.h; path = SecondViewController.h; sourceTree = "<group>"; };
		0BB67A681165BC5200A0C7CD /* SecondViewController.m */ = {isa = PBXFileReference; fileEncoding = 4; lastKnownFileType = sourcecode.c.objc; path = SecondViewController.m; sourceTree = "<group>"; };
		0BB67C9C1166972100A0C7CD /* TrickViewController.h */ = {isa = PBXFileReference; fileEncoding = 4; lastKnownFileType = sourcecode.c.h; path = TrickViewController.h; sourceTree = "<group>"; };
		0BB67C9D1166972100A0C7CD /* TrickViewController.m */ = {isa = PBXFileReference; fileEncoding = 4; lastKnownFileType = sourcecode.c.objc; path = TrickViewController.m; sourceTree = "<group>"; };
		0BB67C9E1166972100A0C7CD /* TrickView.xib */ = {isa = PBXFileReference; lastKnownFileType = file.xib; name = TrickView.xib; path = Classes/TrickView.xib; sourceTree = "<group>"; };
=======
		0BB67A671165BC5200A0C7CD /* SecondViewController.h */ = {isa = PBXFileReference; fileEncoding = 4; lastKnownFileType = sourcecode.c.h; path = SecondViewController.h; sourceTree = "<group>"; };
		0BB67A681165BC5200A0C7CD /* SecondViewController.m */ = {isa = PBXFileReference; fileEncoding = 4; lastKnownFileType = sourcecode.c.objc; path = SecondViewController.m; sourceTree = "<group>"; };
		0BB67C9C1166972100A0C7CD /* TrickViewController.h */ = {isa = PBXFileReference; fileEncoding = 4; lastKnownFileType = sourcecode.c.h; path = TrickViewController.h; sourceTree = "<group>"; };
		0BB67C9D1166972100A0C7CD /* TrickViewController.m */ = {isa = PBXFileReference; fileEncoding = 4; lastKnownFileType = sourcecode.c.objc; path = TrickViewController.m; sourceTree = "<group>"; };
		0BB67C9E1166972100A0C7CD /* TrickView.xib */ = {isa = PBXFileReference; lastKnownFileType = file.xib; name = TrickView.xib; path = Classes/TrickView.xib; sourceTree = "<group>"; };
>>>>>>> .r4
		1D30AB110D05D00D00671497 /* Foundation.framework */ = {isa = PBXFileReference; lastKnownFileType = wrapper.framework; name = Foundation.framework; path = System/Library/Frameworks/Foundation.framework; sourceTree = SDKROOT; };
		1D3623240D0F684500981E51 /* skaterAppDelegate.h */ = {isa = PBXFileReference; fileEncoding = 4; lastKnownFileType = sourcecode.c.h; path = skaterAppDelegate.h; sourceTree = "<group>"; };
		1D3623250D0F684500981E51 /* skaterAppDelegate.m */ = {isa = PBXFileReference; fileEncoding = 4; lastKnownFileType = sourcecode.c.objc; path = skaterAppDelegate.m; sourceTree = "<group>"; };
		1D6058910D05DD3D006BFB54 /* skater.app */ = {isa = PBXFileReference; explicitFileType = wrapper.application; includeInIndex = 0; path = skater.app; sourceTree = BUILT_PRODUCTS_DIR; };
		1DF5F4DF0D08C38300B7A737 /* UIKit.framework */ = {isa = PBXFileReference; lastKnownFileType = wrapper.framework; name = UIKit.framework; path = System/Library/Frameworks/UIKit.framework; sourceTree = SDKROOT; };
		28216C950DB411BC00E5133A /* FirstViewController.h */ = {isa = PBXFileReference; fileEncoding = 4; lastKnownFileType = sourcecode.c.h; path = FirstViewController.h; sourceTree = "<group>"; };
		28216C960DB411BC00E5133A /* FirstViewController.m */ = {isa = PBXFileReference; fileEncoding = 4; lastKnownFileType = sourcecode.c.objc; path = FirstViewController.m; sourceTree = "<group>"; };
		282CCBFD0DB6C98000C4EA27 /* SecondView.xib */ = {isa = PBXFileReference; lastKnownFileType = file.xib; path = SecondView.xib; sourceTree = "<group>"; };
		288765070DF74369002DB57D /* CoreGraphics.framework */ = {isa = PBXFileReference; lastKnownFileType = wrapper.framework; name = CoreGraphics.framework; path = System/Library/Frameworks/CoreGraphics.framework; sourceTree = SDKROOT; };
		28A0AB4B0D9B1048005BE974 /* skater_Prefix.pch */ = {isa = PBXFileReference; fileEncoding = 4; lastKnownFileType = sourcecode.c.h; path = skater_Prefix.pch; sourceTree = "<group>"; };
		28AD73870D9D96C1002E5188 /* MainWindow.xib */ = {isa = PBXFileReference; lastKnownFileType = file.xib; path = MainWindow.xib; sourceTree = "<group>"; };
		29B97316FDCFA39411CA2CEA /* main.m */ = {isa = PBXFileReference; fileEncoding = 4; lastKnownFileType = sourcecode.c.objc; path = main.m; sourceTree = "<group>"; };
		8D1107310486CEB800E47090 /* skater-Info.plist */ = {isa = PBXFileReference; fileEncoding = 4; lastKnownFileType = text.plist.xml; path = "skater-Info.plist"; plistStructureDefinitionIdentifier = "com.apple.xcode.plist.structure-definition.iphone.info-plist"; sourceTree = "<group>"; };
/* End PBXFileReference section */

/* Begin PBXFrameworksBuildPhase section */
		1D60588F0D05DD3D006BFB54 /* Frameworks */ = {
			isa = PBXFrameworksBuildPhase;
			buildActionMask = 2147483647;
			files = (
				1D60589F0D05DD5A006BFB54 /* Foundation.framework in Frameworks */,
				1DF5F4E00D08C38300B7A737 /* UIKit.framework in Frameworks */,
				288765080DF74369002DB57D /* CoreGraphics.framework in Frameworks */,
			);
			runOnlyForDeploymentPostprocessing = 0;
		};
/* End PBXFrameworksBuildPhase section */

/* Begin PBXGroup section */
		080E96DDFE201D6D7F000001 /* Classes */ = {
			isa = PBXGroup;
			children = (
				28216C950DB411BC00E5133A /* FirstViewController.h */,
				28216C960DB411BC00E5133A /* FirstViewController.m */,
				1D3623240D0F684500981E51 /* skaterAppDelegate.h */,
				1D3623250D0F684500981E51 /* skaterAppDelegate.m */,
				0BB67A671165BC5200A0C7CD /* SecondViewController.h */,
				0BB67A681165BC5200A0C7CD /* SecondViewController.m */,
				0BB67C9C1166972100A0C7CD /* TrickViewController.h */,
				0BB67C9D1166972100A0C7CD /* TrickViewController.m */,
			);
			path = Classes;
			sourceTree = "<group>";
		};
		19C28FACFE9D520D11CA2CBB /* Products */ = {
			isa = PBXGroup;
			children = (
				1D6058910D05DD3D006BFB54 /* skater.app */,
			);
			name = Products;
			sourceTree = "<group>";
		};
		29B97314FDCFA39411CA2CEA /* skater */ = {
			isa = PBXGroup;
			children = (
				080E96DDFE201D6D7F000001 /* Classes */,
				29B97315FDCFA39411CA2CEA /* Other Sources */,
				29B97317FDCFA39411CA2CEA /* Resources */,
				29B97323FDCFA39411CA2CEA /* Frameworks */,
				19C28FACFE9D520D11CA2CBB /* Products */,
			);
			name = skater;
			sourceTree = "<group>";
		};
		29B97315FDCFA39411CA2CEA /* Other Sources */ = {
			isa = PBXGroup;
			children = (
				28A0AB4B0D9B1048005BE974 /* skater_Prefix.pch */,
				29B97316FDCFA39411CA2CEA /* main.m */,
			);
			name = "Other Sources";
			sourceTree = "<group>";
		};
		29B97317FDCFA39411CA2CEA /* Resources */ = {
			isa = PBXGroup;
			children = (
<<<<<<< .mine
				0B52FAD911671F6A00C67863 /* bigcheck.png */,
				0B52FA10116715CD00C67863 /* smallcheck.png */,
				0B52FA11116715CD00C67863 /* smallx.png */,
				0B903EDD1167075600EA2843 /* listicon.png */,
				0BB67C9E1166972100A0C7CD /* TrickView.xib */,
=======
				0BB67C9E1166972100A0C7CD /* TrickView.xib */,
>>>>>>> .r4
				282CCBFD0DB6C98000C4EA27 /* SecondView.xib */,
				28AD73870D9D96C1002E5188 /* MainWindow.xib */,
				8D1107310486CEB800E47090 /* skater-Info.plist */,
				0B52FA61116719BD00C67863 /* TrickStatus.plist */,
			);
			name = Resources;
			sourceTree = "<group>";
		};
		29B97323FDCFA39411CA2CEA /* Frameworks */ = {
			isa = PBXGroup;
			children = (
				1DF5F4DF0D08C38300B7A737 /* UIKit.framework */,
				1D30AB110D05D00D00671497 /* Foundation.framework */,
				288765070DF74369002DB57D /* CoreGraphics.framework */,
			);
			name = Frameworks;
			sourceTree = "<group>";
		};
/* End PBXGroup section */

/* Begin PBXNativeTarget section */
		1D6058900D05DD3D006BFB54 /* skater */ = {
			isa = PBXNativeTarget;
			buildConfigurationList = 1D6058960D05DD3E006BFB54 /* Build configuration list for PBXNativeTarget "skater" */;
			buildPhases = (
				1D60588D0D05DD3D006BFB54 /* Resources */,
				1D60588E0D05DD3D006BFB54 /* Sources */,
				1D60588F0D05DD3D006BFB54 /* Frameworks */,
			);
			buildRules = (
			);
			dependencies = (
			);
			name = skater;
			productName = skater;
			productReference = 1D6058910D05DD3D006BFB54 /* skater.app */;
			productType = "com.apple.product-type.application";
		};
/* End PBXNativeTarget section */

/* Begin PBXProject section */
		29B97313FDCFA39411CA2CEA /* Project object */ = {
			isa = PBXProject;
			buildConfigurationList = C01FCF4E08A954540054247B /* Build configuration list for PBXProject "skater" */;
			compatibilityVersion = "Xcode 3.1";
			hasScannedForEncodings = 1;
			mainGroup = 29B97314FDCFA39411CA2CEA /* skater */;
			projectDirPath = "";
			projectRoot = "";
			targets = (
				1D6058900D05DD3D006BFB54 /* skater */,
			);
		};
/* End PBXProject section */

/* Begin PBXResourcesBuildPhase section */
		1D60588D0D05DD3D006BFB54 /* Resources */ = {
			isa = PBXResourcesBuildPhase;
			buildActionMask = 2147483647;
			files = (
				28AD73880D9D96C1002E5188 /* MainWindow.xib in Resources */,
				282CCBFE0DB6C98000C4EA27 /* SecondView.xib in Resources */,
<<<<<<< .mine
				0BB67CA01166972100A0C7CD /* TrickView.xib in Resources */,
				0B903EDE1167075600EA2843 /* listicon.png in Resources */,
				0B52FA12116715CD00C67863 /* smallcheck.png in Resources */,
				0B52FA13116715CD00C67863 /* smallx.png in Resources */,
				0B52FA62116719BD00C67863 /* TrickStatus.plist in Resources */,
				0B52FADA11671F6A00C67863 /* bigcheck.png in Resources */,
=======
				0BB67CA01166972100A0C7CD /* TrickView.xib in Resources */,
>>>>>>> .r4
			);
			runOnlyForDeploymentPostprocessing = 0;
		};
/* End PBXResourcesBuildPhase section */

/* Begin PBXSourcesBuildPhase section */
		1D60588E0D05DD3D006BFB54 /* Sources */ = {
			isa = PBXSourcesBuildPhase;
			buildActionMask = 2147483647;
			files = (
				1D60589B0D05DD56006BFB54 /* main.m in Sources */,
				1D3623260D0F684500981E51 /* skaterAppDelegate.m in Sources */,
				28216C970DB411BC00E5133A /* FirstViewController.m in Sources */,
				0BB67A691165BC5200A0C7CD /* SecondViewController.m in Sources */,
				0BB67C9F1166972100A0C7CD /* TrickViewController.m in Sources */,
			);
			runOnlyForDeploymentPostprocessing = 0;
		};
/* End PBXSourcesBuildPhase section */

/* Begin XCBuildConfiguration section */
		1D6058940D05DD3E006BFB54 /* Debug */ = {
			isa = XCBuildConfiguration;
			buildSettings = {
				ALWAYS_SEARCH_USER_PATHS = NO;
				COPY_PHASE_STRIP = NO;
				GCC_DYNAMIC_NO_PIC = NO;
				GCC_OPTIMIZATION_LEVEL = 0;
				GCC_PRECOMPILE_PREFIX_HEADER = YES;
				GCC_PREFIX_HEADER = skater_Prefix.pch;
				INFOPLIST_FILE = "skater-Info.plist";
				PRODUCT_NAME = skater;
			};
			name = Debug;
		};
		1D6058950D05DD3E006BFB54 /* Release */ = {
			isa = XCBuildConfiguration;
			buildSettings = {
				ALWAYS_SEARCH_USER_PATHS = NO;
				COPY_PHASE_STRIP = YES;
				GCC_PRECOMPILE_PREFIX_HEADER = YES;
				GCC_PREFIX_HEADER = skater_Prefix.pch;
				INFOPLIST_FILE = "skater-Info.plist";
				PRODUCT_NAME = skater;
			};
			name = Release;
		};
		C01FCF4F08A954540054247B /* Debug */ = {
			isa = XCBuildConfiguration;
			buildSettings = {
				ARCHS = "$(ARCHS_STANDARD_32_BIT)";
				"CODE_SIGN_IDENTITY[sdk=iphoneos*]" = "iPhone Developer";
				GCC_C_LANGUAGE_STANDARD = c99;
				GCC_WARN_ABOUT_RETURN_TYPE = YES;
				GCC_WARN_UNUSED_VARIABLE = YES;
				PREBINDING = NO;
				SDKROOT = iphoneos3.1.3;
			};
			name = Debug;
		};
		C01FCF5008A954540054247B /* Release */ = {
			isa = XCBuildConfiguration;
			buildSettings = {
				ARCHS = "$(ARCHS_STANDARD_32_BIT)";
				"CODE_SIGN_IDENTITY[sdk=iphoneos*]" = "iPhone Developer";
				GCC_C_LANGUAGE_STANDARD = c99;
				GCC_WARN_ABOUT_RETURN_TYPE = YES;
				GCC_WARN_UNUSED_VARIABLE = YES;
				PREBINDING = NO;
				SDKROOT = iphoneos3.1.3;
			};
			name = Release;
		};
/* End XCBuildConfiguration section */

/* Begin XCConfigurationList section */
		1D6058960D05DD3E006BFB54 /* Build configuration list for PBXNativeTarget "skater" */ = {
			isa = XCConfigurationList;
			buildConfigurations = (
				1D6058940D05DD3E006BFB54 /* Debug */,
				1D6058950D05DD3E006BFB54 /* Release */,
			);
			defaultConfigurationIsVisible = 0;
			defaultConfigurationName = Release;
		};
		C01FCF4E08A954540054247B /* Build configuration list for PBXProject "skater" */ = {
			isa = XCConfigurationList;
			buildConfigurations = (
				C01FCF4F08A954540054247B /* Debug */,
				C01FCF5008A954540054247B /* Release */,
			);
			defaultConfigurationIsVisible = 0;
			defaultConfigurationName = Release;
		};
/* End XCConfigurationList section */
	};
	rootObject = 29B97313FDCFA39411CA2CEA /* Project object */;
}
